
Microsoft Visual Studio Solution File, Format Version 12.00
# Visual Studio 15
VisualStudioVersion = 15.0.28010.2026
MinimumVisualStudioVersion = 10.0.40219.1
Project("{FAE04EC0-301F-11D3-BF4B-00C04F79EFBC}") = "stageOOP", "stageOOP\stageOOP.csproj", "{F41882C8-D33A-4262-A2AB-169C34959C20}"
EndProject
Global
	GlobalSection(SolutionConfigurationPlatforms) = preSolution
		Debug|Any CPU = Debug|Any CPU
		Release|Any CPU = Release|Any CPU
	EndGlobalSection
	GlobalSection(ProjectConfigurationPlatforms) = postSolution
		{F41882C8-D33A-4262-A2AB-169C34959C20}.Debug|Any CPU.ActiveCfg = Debug|Any CPU
		{F41882C8-D33A-4262-A2AB-169C34959C20}.Debug|Any CPU.Build.0 = Debug|Any CPU
		{F41882C8-D33A-4262-A2AB-169C34959C20}.Release|Any CPU.ActiveCfg = Release|Any CPU
		{F41882C8-D33A-4262-A2AB-169C34959C20}.Release|Any CPU.Build.0 = Release|Any CPU
	EndGlobalSection
	GlobalSection(SolutionProperties) = preSolution
		HideSolutionNode = FALSE
	EndGlobalSection
	GlobalSection(ExtensibilityGlobals) = postSolution
		SolutionGuid = {0A988290-796C-4865-A5F8-B0E7E86EC155}
	EndGlobalSection
EndGlobal
